
Microsoft Visual Studio Solution File, Format Version 12.00
# Visual Studio 2017
Project("{FAE04EC0-301F-11D3-BF4B-00C04F79EFBC}") = "Abikanile Us 0.01", "Abikanile Us 0.01.csproj", "{0B0269A2-123E-E830-FF54-FA6018E0A5CF}"
EndProject
Global
	GlobalSection(SolutionConfigurationPlatforms) = preSolution
		Debug|Any CPU = Debug|Any CPU
		Release|Any CPU = Release|Any CPU
	EndGlobalSection
	GlobalSection(ProjectConfigurationPlatforms) = postSolution
		{0B0269A2-123E-E830-FF54-FA6018E0A5CF}.Debug|Any CPU.ActiveCfg = Debug|Any CPU
		{0B0269A2-123E-E830-FF54-FA6018E0A5CF}.Debug|Any CPU.Build.0 = Debug|Any CPU
		{0B0269A2-123E-E830-FF54-FA6018E0A5CF}.Release|Any CPU.ActiveCfg = Release|Any CPU
		{0B0269A2-123E-E830-FF54-FA6018E0A5CF}.Release|Any CPU.Build.0 = Release|Any CPU
	EndGlobalSection
	GlobalSection(SolutionProperties) = preSolution
		HideSolutionNode = FALSE
	EndGlobalSection
EndGlobal
